
Microsoft Visual Studio Solution File, Format Version 12.00
# Visual Studio 15
Project("{FAE04EC0-301F-11D3-BF4B-00C04F79EFBC}") = "Hotel_rev", "Hotel_rev\Hotel_rev.csproj", "{659EADCD-4A97-41F1-9413-C60B185AC22A}"
EndProject
Global
	GlobalSection(SolutionConfigurationPlatforms) = preSolution
		Debug|Any CPU = Debug|Any CPU
		Release|Any CPU = Release|Any CPU
	EndGlobalSection
	GlobalSection(ProjectConfigurationPlatforms) = postSolution
		{659EADCD-4A97-41F1-9413-C60B185AC22A}.Debug|Any CPU.ActiveCfg = Debug|Any CPU
		{659EADCD-4A97-41F1-9413-C60B185AC22A}.Debug|Any CPU.Build.0 = Debug|Any CPU
		{659EADCD-4A97-41F1-9413-C60B185AC22A}.Release|Any CPU.ActiveCfg = Release|Any CPU
		{659EADCD-4A97-41F1-9413-C60B185AC22A}.Release|Any CPU.Build.0 = Release|Any CPU
	EndGlobalSection
EndGlobal
