
Microsoft Visual Studio Solution File, Format Version 12.00
# Visual Studio 15
Project("{FAE04EC0-301F-11D3-BF4B-00C04F79EFBC}") = "Restaurant", "Restaurant\Restaurant.csproj", "{2A243648-9A91-40D3-A1F4-225282841079}"
EndProject
Global
	GlobalSection(SolutionConfigurationPlatforms) = preSolution
		Debug|Any CPU = Debug|Any CPU
		Release|Any CPU = Release|Any CPU
	EndGlobalSection
	GlobalSection(ProjectConfigurationPlatforms) = postSolution
		{2A243648-9A91-40D3-A1F4-225282841079}.Debug|Any CPU.ActiveCfg = Debug|Any CPU
		{2A243648-9A91-40D3-A1F4-225282841079}.Debug|Any CPU.Build.0 = Debug|Any CPU
		{2A243648-9A91-40D3-A1F4-225282841079}.Release|Any CPU.ActiveCfg = Release|Any CPU
		{2A243648-9A91-40D3-A1F4-225282841079}.Release|Any CPU.Build.0 = Release|Any CPU
	EndGlobalSection
EndGlobal
