
Microsoft Visual Studio Solution File, Format Version 12.00
# Visual Studio 15
Project("{FAE04EC0-301F-11D3-BF4B-00C04F79EFBC}") = "Math_Operation", "Math_Operation\Math_Operation.csproj", "{AC4A2CBB-6F03-4AF4-8E5B-2BBDBED6231D}"
EndProject
Global
	GlobalSection(SolutionConfigurationPlatforms) = preSolution
		Debug|Any CPU = Debug|Any CPU
		Release|Any CPU = Release|Any CPU
	EndGlobalSection
	GlobalSection(ProjectConfigurationPlatforms) = postSolution
		{AC4A2CBB-6F03-4AF4-8E5B-2BBDBED6231D}.Debug|Any CPU.ActiveCfg = Debug|Any CPU
		{AC4A2CBB-6F03-4AF4-8E5B-2BBDBED6231D}.Debug|Any CPU.Build.0 = Debug|Any CPU
		{AC4A2CBB-6F03-4AF4-8E5B-2BBDBED6231D}.Release|Any CPU.ActiveCfg = Release|Any CPU
		{AC4A2CBB-6F03-4AF4-8E5B-2BBDBED6231D}.Release|Any CPU.Build.0 = Release|Any CPU
	EndGlobalSection
EndGlobal
